{
    "name": "movie-database",
    "version": "1.0.0",
    "lockfileVersion": 3,
    "requires": true,
    "packages": {
        "": {
            "name": "movie-database",
            "version": "1.0.0",
            "dependencies": {
                "movie-database": "file:"
            }
        },
        "node_modules/movie-database": {
            "resolved": "",
            "link": true
        }
    }
}
